
Microsoft Visual Studio Solution File, Format Version 12.00
# Visual Studio 15
VisualStudioVersion = 15.0.26124.0
MinimumVisualStudioVersion = 15.0.26124.0
Project("{FAE04EC0-301F-11D3-BF4B-00C04F79EFBC}") = "Aoc.Assignments", "Aoc.Assignments\Aoc.Assignments.csproj", "{D19FCC87-0378-419D-9CA1-80DB97AEE2F3}"
EndProject
Project("{FAE04EC0-301F-11D3-BF4B-00C04F79EFBC}") = "Aoc.Tests", "Aoc.Tests\Aoc.Tests.csproj", "{33C75A14-65C0-4C21-868A-E848852A6264}"
EndProject
Project("{FAE04EC0-301F-11D3-BF4B-00C04F79EFBC}") = "Aoc.Core", "Aoc.Core\Aoc.Core.csproj", "{CE6C6AC8-6285-4CB6-B61B-A5F2B1B993BD}"
EndProject
Global
	GlobalSection(SolutionConfigurationPlatforms) = preSolution
		Debug|Any CPU = Debug|Any CPU
		Debug|x64 = Debug|x64
		Debug|x86 = Debug|x86
		Release|Any CPU = Release|Any CPU
		Release|x64 = Release|x64
		Release|x86 = Release|x86
	EndGlobalSection
	GlobalSection(SolutionProperties) = preSolution
		HideSolutionNode = FALSE
	EndGlobalSection
	GlobalSection(ProjectConfigurationPlatforms) = postSolution
		{D19FCC87-0378-419D-9CA1-80DB97AEE2F3}.Debug|Any CPU.ActiveCfg = Debug|Any CPU
		{D19FCC87-0378-419D-9CA1-80DB97AEE2F3}.Debug|Any CPU.Build.0 = Debug|Any CPU
		{D19FCC87-0378-419D-9CA1-80DB97AEE2F3}.Debug|x64.ActiveCfg = Debug|Any CPU
		{D19FCC87-0378-419D-9CA1-80DB97AEE2F3}.Debug|x64.Build.0 = Debug|Any CPU
		{D19FCC87-0378-419D-9CA1-80DB97AEE2F3}.Debug|x86.ActiveCfg = Debug|Any CPU
		{D19FCC87-0378-419D-9CA1-80DB97AEE2F3}.Debug|x86.Build.0 = Debug|Any CPU
		{D19FCC87-0378-419D-9CA1-80DB97AEE2F3}.Release|Any CPU.ActiveCfg = Release|Any CPU
		{D19FCC87-0378-419D-9CA1-80DB97AEE2F3}.Release|Any CPU.Build.0 = Release|Any CPU
		{D19FCC87-0378-419D-9CA1-80DB97AEE2F3}.Release|x64.ActiveCfg = Release|Any CPU
		{D19FCC87-0378-419D-9CA1-80DB97AEE2F3}.Release|x64.Build.0 = Release|Any CPU
		{D19FCC87-0378-419D-9CA1-80DB97AEE2F3}.Release|x86.ActiveCfg = Release|Any CPU
		{D19FCC87-0378-419D-9CA1-80DB97AEE2F3}.Release|x86.Build.0 = Release|Any CPU
		{33C75A14-65C0-4C21-868A-E848852A6264}.Debug|Any CPU.ActiveCfg = Debug|Any CPU
		{33C75A14-65C0-4C21-868A-E848852A6264}.Debug|Any CPU.Build.0 = Debug|Any CPU
		{33C75A14-65C0-4C21-868A-E848852A6264}.Debug|x64.ActiveCfg = Debug|Any CPU
		{33C75A14-65C0-4C21-868A-E848852A6264}.Debug|x64.Build.0 = Debug|Any CPU
		{33C75A14-65C0-4C21-868A-E848852A6264}.Debug|x86.ActiveCfg = Debug|Any CPU
		{33C75A14-65C0-4C21-868A-E848852A6264}.Debug|x86.Build.0 = Debug|Any CPU
		{33C75A14-65C0-4C21-868A-E848852A6264}.Release|Any CPU.ActiveCfg = Release|Any CPU
		{33C75A14-65C0-4C21-868A-E848852A6264}.Release|Any CPU.Build.0 = Release|Any CPU
		{33C75A14-65C0-4C21-868A-E848852A6264}.Release|x64.ActiveCfg = Release|Any CPU
		{33C75A14-65C0-4C21-868A-E848852A6264}.Release|x64.Build.0 = Release|Any CPU
		{33C75A14-65C0-4C21-868A-E848852A6264}.Release|x86.ActiveCfg = Release|Any CPU
		{33C75A14-65C0-4C21-868A-E848852A6264}.Release|x86.Build.0 = Release|Any CPU
		{CE6C6AC8-6285-4CB6-B61B-A5F2B1B993BD}.Debug|Any CPU.ActiveCfg = Debug|Any CPU
		{CE6C6AC8-6285-4CB6-B61B-A5F2B1B993BD}.Debug|Any CPU.Build.0 = Debug|Any CPU
		{CE6C6AC8-6285-4CB6-B61B-A5F2B1B993BD}.Debug|x64.ActiveCfg = Debug|Any CPU
		{CE6C6AC8-6285-4CB6-B61B-A5F2B1B993BD}.Debug|x64.Build.0 = Debug|Any CPU
		{CE6C6AC8-6285-4CB6-B61B-A5F2B1B993BD}.Debug|x86.ActiveCfg = Debug|Any CPU
		{CE6C6AC8-6285-4CB6-B61B-A5F2B1B993BD}.Debug|x86.Build.0 = Debug|Any CPU
		{CE6C6AC8-6285-4CB6-B61B-A5F2B1B993BD}.Release|Any CPU.ActiveCfg = Release|Any CPU
		{CE6C6AC8-6285-4CB6-B61B-A5F2B1B993BD}.Release|Any CPU.Build.0 = Release|Any CPU
		{CE6C6AC8-6285-4CB6-B61B-A5F2B1B993BD}.Release|x64.ActiveCfg = Release|Any CPU
		{CE6C6AC8-6285-4CB6-B61B-A5F2B1B993BD}.Release|x64.Build.0 = Release|Any CPU
		{CE6C6AC8-6285-4CB6-B61B-A5F2B1B993BD}.Release|x86.ActiveCfg = Release|Any CPU
		{CE6C6AC8-6285-4CB6-B61B-A5F2B1B993BD}.Release|x86.Build.0 = Release|Any CPU
	EndGlobalSection
EndGlobal
